
Microsoft Visual Studio Solution File, Format Version 12.00
# Visual Studio Version 16
VisualStudioVersion = 16.0.30907.101
MinimumVisualStudioVersion = 10.0.40219.1
Project("{8BC9CEB8-8B4A-11D0-8D11-00A0C91BC942}") = "Faucet", "Faucet\Faucet.vcxproj", "{301A1CD2-8ECF-477F-A157-046CF1AD3B1B}"
EndProject
Global
	GlobalSection(SolutionConfigurationPlatforms) = preSolution
		Debug|x64 = Debug|x64
		Debug|x86 = Debug|x86
		Release|x64 = Release|x64
		Release|x86 = Release|x86
	EndGlobalSection
	GlobalSection(ProjectConfigurationPlatforms) = postSolution
		{301A1CD2-8ECF-477F-A157-046CF1AD3B1B}.Debug|x64.ActiveCfg = Debug|x64
		{301A1CD2-8ECF-477F-A157-046CF1AD3B1B}.Debug|x64.Build.0 = Debug|x64
		{301A1CD2-8ECF-477F-A157-046CF1AD3B1B}.Debug|x86.ActiveCfg = Debug|Win32
		{301A1CD2-8ECF-477F-A157-046CF1AD3B1B}.Debug|x86.Build.0 = Debug|Win32
		{301A1CD2-8ECF-477F-A157-046CF1AD3B1B}.Release|x64.ActiveCfg = Release|x64
		{301A1CD2-8ECF-477F-A157-046CF1AD3B1B}.Release|x64.Build.0 = Release|x64
		{301A1CD2-8ECF-477F-A157-046CF1AD3B1B}.Release|x86.ActiveCfg = Release|Win32
		{301A1CD2-8ECF-477F-A157-046CF1AD3B1B}.Release|x86.Build.0 = Release|Win32
	EndGlobalSection
	GlobalSection(SolutionProperties) = preSolution
		HideSolutionNode = FALSE
	EndGlobalSection
	GlobalSection(ExtensibilityGlobals) = postSolution
		SolutionGuid = {2A4BD77D-7F20-464C-BBCD-B7F520FCB5F9}
	EndGlobalSection
EndGlobal
